// !$*UTF8*$!
{
	archiveVersion = 1;
	classes = {
	};
	objectVersion = 56;
	objects = {

/* Begin PBXBuildFile section */
		2A43C9E229F5943300C5463E /* registration_icon.png in Resources */ = {isa = PBXBuildFile; fileRef = 2A43C9E129F5943300C5463E /* registration_icon.png */; };
		2A945FA429F5246900956F38 /* AppDelegate.swift in Sources */ = {isa = PBXBuildFile; fileRef = 2A945FA329F5246900956F38 /* AppDelegate.swift */; };
		2A945FA629F5246900956F38 /* SceneDelegate.swift in Sources */ = {isa = PBXBuildFile; fileRef = 2A945FA529F5246900956F38 /* SceneDelegate.swift */; };
		2A945FA829F5246900956F38 /* RegistrationViewController.swift in Sources */ = {isa = PBXBuildFile; fileRef = 2A945FA729F5246900956F38 /* RegistrationViewController.swift */; };
		2A945FAB29F5246900956F38 /* Main.storyboard in Resources */ = {isa = PBXBuildFile; fileRef = 2A945FA929F5246900956F38 /* Main.storyboard */; };
		2A945FAE29F5246900956F38 /* ShiftTest.xcdatamodeld in Sources */ = {isa = PBXBuildFile; fileRef = 2A945FAC29F5246900956F38 /* ShiftTest.xcdatamodeld */; };
		2A945FB029F5246A00956F38 /* Assets.xcassets in Resources */ = {isa = PBXBuildFile; fileRef = 2A945FAF29F5246A00956F38 /* Assets.xcassets */; };
		2A945FB329F5246A00956F38 /* LaunchScreen.storyboard in Resources */ = {isa = PBXBuildFile; fileRef = 2A945FB129F5246A00956F38 /* LaunchScreen.storyboard */; };
		2A945FBE29F5246A00956F38 /* ShiftTestTests.swift in Sources */ = {isa = PBXBuildFile; fileRef = 2A945FBD29F5246A00956F38 /* ShiftTestTests.swift */; };
		2A945FC829F5246A00956F38 /* ShiftTestUITests.swift in Sources */ = {isa = PBXBuildFile; fileRef = 2A945FC729F5246A00956F38 /* ShiftTestUITests.swift */; };
		2A945FCA29F5246A00956F38 /* ShiftTestUITestsLaunchTests.swift in Sources */ = {isa = PBXBuildFile; fileRef = 2A945FC929F5246A00956F38 /* ShiftTestUITestsLaunchTests.swift */; };
		2A945FD729F5263900956F38 /* RegistrationPresenter.swift in Sources */ = {isa = PBXBuildFile; fileRef = 2A945FD629F5263900956F38 /* RegistrationPresenter.swift */; };
		2A945FD929F532F100956F38 /* User.swift in Sources */ = {isa = PBXBuildFile; fileRef = 2A945FD829F532F100956F38 /* User.swift */; };
		2AA292CC29F6D82F00C6F0F9 /* ViewController.swift in Sources */ = {isa = PBXBuildFile; fileRef = 2AA292CB29F6D82F00C6F0F9 /* ViewController.swift */; };
		2AA292CE29F6D8A200C6F0F9 /* CompetitionCell.swift in Sources */ = {isa = PBXBuildFile; fileRef = 2AA292CD29F6D8A200C6F0F9 /* CompetitionCell.swift */; };
/* End PBXBuildFile section */

/* Begin PBXContainerItemProxy section */
		2A945FBA29F5246A00956F38 /* PBXContainerItemProxy */ = {
			isa = PBXContainerItemProxy;
			containerPortal = 2A945F9829F5246900956F38 /* Project object */;
			proxyType = 1;
			remoteGlobalIDString = 2A945F9F29F5246900956F38;
			remoteInfo = ShiftTest;
		};
		2A945FC429F5246A00956F38 /* PBXContainerItemProxy */ = {
			isa = PBXContainerItemProxy;
			containerPortal = 2A945F9829F5246900956F38 /* Project object */;
			proxyType = 1;
			remoteGlobalIDString = 2A945F9F29F5246900956F38;
			remoteInfo = ShiftTest;
		};
/* End PBXContainerItemProxy section */

/* Begin PBXFileReference section */
		2A43C9E129F5943300C5463E /* registration_icon.png */ = {isa = PBXFileReference; lastKnownFileType = image.png; path = registration_icon.png; sourceTree = "<group>"; };
		2A945FA029F5246900956F38 /* ShiftTest.app */ = {isa = PBXFileReference; explicitFileType = wrapper.application; includeInIndex = 0; path = ShiftTest.app; sourceTree = BUILT_PRODUCTS_DIR; };
		2A945FA329F5246900956F38 /* AppDelegate.swift */ = {isa = PBXFileReference; lastKnownFileType = sourcecode.swift; path = AppDelegate.swift; sourceTree = "<group>"; };
		2A945FA529F5246900956F38 /* SceneDelegate.swift */ = {isa = PBXFileReference; lastKnownFileType = sourcecode.swift; path = SceneDelegate.swift; sourceTree = "<group>"; };
		2A945FA729F5246900956F38 /* RegistrationViewController.swift */ = {isa = PBXFileReference; lastKnownFileType = sourcecode.swift; path = RegistrationViewController.swift; sourceTree = "<group>"; };
		2A945FAA29F5246900956F38 /* Base */ = {isa = PBXFileReference; lastKnownFileType = file.storyboard; name = Base; path = Base.lproj/Main.storyboard; sourceTree = "<group>"; };
		2A945FAD29F5246900956F38 /* ShiftTest.xcdatamodel */ = {isa = PBXFileReference; lastKnownFileType = wrapper.xcdatamodel; path = ShiftTest.xcdatamodel; sourceTree = "<group>"; };
		2A945FAF29F5246A00956F38 /* Assets.xcassets */ = {isa = PBXFileReference; lastKnownFileType = folder.assetcatalog; path = Assets.xcassets; sourceTree = "<group>"; };
		2A945FB229F5246A00956F38 /* Base */ = {isa = PBXFileReference; lastKnownFileType = file.storyboard; name = Base; path = Base.lproj/LaunchScreen.storyboard; sourceTree = "<group>"; };
		2A945FB429F5246A00956F38 /* Info.plist */ = {isa = PBXFileReference; lastKnownFileType = text.plist.xml; path = Info.plist; sourceTree = "<group>"; };
		2A945FB929F5246A00956F38 /* ShiftTestTests.xctest */ = {isa = PBXFileReference; explicitFileType = wrapper.cfbundle; includeInIndex = 0; path = ShiftTestTests.xctest; sourceTree = BUILT_PRODUCTS_DIR; };
		2A945FBD29F5246A00956F38 /* ShiftTestTests.swift */ = {isa = PBXFileReference; lastKnownFileType = sourcecode.swift; path = ShiftTestTests.swift; sourceTree = "<group>"; };
		2A945FC329F5246A00956F38 /* ShiftTestUITests.xctest */ = {isa = PBXFileReference; explicitFileType = wrapper.cfbundle; includeInIndex = 0; path = ShiftTestUITests.xctest; sourceTree = BUILT_PRODUCTS_DIR; };
		2A945FC729F5246A00956F38 /* ShiftTestUITests.swift */ = {isa = PBXFileReference; lastKnownFileType = sourcecode.swift; path = ShiftTestUITests.swift; sourceTree = "<group>"; };
		2A945FC929F5246A00956F38 /* ShiftTestUITestsLaunchTests.swift */ = {isa = PBXFileReference; lastKnownFileType = sourcecode.swift; path = ShiftTestUITestsLaunchTests.swift; sourceTree = "<group>"; };
		2A945FD629F5263900956F38 /* RegistrationPresenter.swift */ = {isa = PBXFileReference; lastKnownFileType = sourcecode.swift; path = RegistrationPresenter.swift; sourceTree = "<group>"; };
		2A945FD829F532F100956F38 /* User.swift */ = {isa = PBXFileReference; lastKnownFileType = sourcecode.swift; path = User.swift; sourceTree = "<group>"; };
		2AA292CB29F6D82F00C6F0F9 /* ViewController.swift */ = {isa = PBXFileReference; lastKnownFileType = sourcecode.swift; path = ViewController.swift; sourceTree = "<group>"; };
		2AA292CD29F6D8A200C6F0F9 /* CompetitionCell.swift */ = {isa = PBXFileReference; lastKnownFileType = sourcecode.swift; path = CompetitionCell.swift; sourceTree = "<group>"; };
/* End PBXFileReference section */

/* Begin PBXFrameworksBuildPhase section */
		2A945F9D29F5246900956F38 /* Frameworks */ = {
			isa = PBXFrameworksBuildPhase;
			buildActionMask = 2147483647;
			files = (
			);
			runOnlyForDeploymentPostprocessing = 0;
		};
		2A945FB629F5246A00956F38 /* Frameworks */ = {
			isa = PBXFrameworksBuildPhase;
			buildActionMask = 2147483647;
			files = (
			);
			runOnlyForDeploymentPostprocessing = 0;
		};
		2A945FC029F5246A00956F38 /* Frameworks */ = {
			isa = PBXFrameworksBuildPhase;
			buildActionMask = 2147483647;
			files = (
			);
			runOnlyForDeploymentPostprocessing = 0;
		};
/* End PBXFrameworksBuildPhase section */

/* Begin PBXGroup section */
		2A43C9E329F594C900C5463E /* references */ = {
			isa = PBXGroup;
			children = (
				2A43C9E129F5943300C5463E /* registration_icon.png */,
			);
			path = references;
			sourceTree = "<group>";
		};
		2A945F9729F5246900956F38 = {
			isa = PBXGroup;
			children = (
				2A945FA229F5246900956F38 /* ShiftTest */,
				2A945FBC29F5246A00956F38 /* ShiftTestTest */,
				2A945FC629F5246A00956F38 /* ShiftTestUITests */,
				2A945FA129F5246900956F38 /* Products */,
			);
			sourceTree = "<group>";
		};
		2A945FA129F5246900956F38 /* Products */ = {
			isa = PBXGroup;
			children = (
				2A945FA029F5246900956F38 /* ShiftTest.app */,
				2A945FB929F5246A00956F38 /* ShiftTestTests.xctest */,
				2A945FC329F5246A00956F38 /* ShiftTestUITests.xctest */,
			);
			name = Products;
			sourceTree = "<group>";
		};
		2A945FA229F5246900956F38 /* ShiftTest */ = {
			isa = PBXGroup;
			children = (
				2A43C9E329F594C900C5463E /* references */,
				2A945FA329F5246900956F38 /* AppDelegate.swift */,
				2A945FA529F5246900956F38 /* SceneDelegate.swift */,
				2A945FA729F5246900956F38 /* RegistrationViewController.swift */,
				2AA292CB29F6D82F00C6F0F9 /* ViewController.swift */,
				2A945FD629F5263900956F38 /* RegistrationPresenter.swift */,
				2AA292CD29F6D8A200C6F0F9 /* CompetitionCell.swift */,
				2A945FD829F532F100956F38 /* User.swift */,
				2A945FA929F5246900956F38 /* Main.storyboard */,
				2A945FAF29F5246A00956F38 /* Assets.xcassets */,
				2A945FB129F5246A00956F38 /* LaunchScreen.storyboard */,
				2A945FB429F5246A00956F38 /* Info.plist */,
				2A945FAC29F5246900956F38 /* ShiftTest.xcdatamodeld */,
			);
			path = ShiftTest;
			sourceTree = "<group>";
		};
		2A945FBC29F5246A00956F38 /* ShiftTestTest */ = {
			isa = PBXGroup;
			children = (
				2A945FBD29F5246A00956F38 /* ShiftTestTests.swift */,
			);
			path = ShiftTestTest;
			sourceTree = "<group>";
		};
		2A945FC629F5246A00956F38 /* ShiftTestUITests */ = {
			isa = PBXGroup;
			children = (
				2A945FC729F5246A00956F38 /* ShiftTestUITests.swift */,
				2A945FC929F5246A00956F38 /* ShiftTestUITestsLaunchTests.swift */,
			);
			path = ShiftTestUITests;
			sourceTree = "<group>";
		};
/* End PBXGroup section */

/* Begin PBXNativeTarget section */
		2A945F9F29F5246900956F38 /* ShiftTest */ = {
			isa = PBXNativeTarget;
			buildConfigurationList = 2A945FCD29F5246A00956F38 /* Build configuration list for PBXNativeTarget "ShiftTest" */;
			buildPhases = (
				2A945F9C29F5246900956F38 /* Sources */,
				2A945F9D29F5246900956F38 /* Frameworks */,
				2A945F9E29F5246900956F38 /* Resources */,
			);
			buildRules = (
			);
			dependencies = (
			);
			name = ShiftTest;
			productName = ShiftTest;
			productReference = 2A945FA029F5246900956F38 /* ShiftTest.app */;
			productType = "com.apple.product-type.application";
		};
		2A945FB829F5246A00956F38 /* ShiftTestTests */ = {
			isa = PBXNativeTarget;
			buildConfigurationList = 2A945FD029F5246A00956F38 /* Build configuration list for PBXNativeTarget "ShiftTestTests" */;
			buildPhases = (
				2A945FB529F5246A00956F38 /* Sources */,
				2A945FB629F5246A00956F38 /* Frameworks */,
				2A945FB729F5246A00956F38 /* Resources */,
			);
			buildRules = (
			);
			dependencies = (
				2A945FBB29F5246A00956F38 /* PBXTargetDependency */,
			);
			name = ShiftTestTests;
			productName = ShiftTestTests;
			productReference = 2A945FB929F5246A00956F38 /* ShiftTestTests.xctest */;
			productType = "com.apple.product-type.bundle.unit-test";
		};
		2A945FC229F5246A00956F38 /* ShiftTestUITests */ = {
			isa = PBXNativeTarget;
			buildConfigurationList = 2A945FD329F5246A00956F38 /* Build configuration list for PBXNativeTarget "ShiftTestUITests" */;
			buildPhases = (
				2A945FBF29F5246A00956F38 /* Sources */,
				2A945FC029F5246A00956F38 /* Frameworks */,
				2A945FC129F5246A00956F38 /* Resources */,
			);
			buildRules = (
			);
			dependencies = (
				2A945FC529F5246A00956F38 /* PBXTargetDependency */,
			);
			name = ShiftTestUITests;
			productName = ShiftTestUITests;
			productReference = 2A945FC329F5246A00956F38 /* ShiftTestUITests.xctest */;
			productType = "com.apple.product-type.bundle.ui-testing";
		};
/* End PBXNativeTarget section */

/* Begin PBXProject section */
		2A945F9829F5246900956F38 /* Project object */ = {
			isa = PBXProject;
			attributes = {
				BuildIndependentTargetsInParallel = 1;
				LastSwiftUpdateCheck = 1430;
				LastUpgradeCheck = 1430;
				TargetAttributes = {
					2A945F9F29F5246900956F38 = {
						CreatedOnToolsVersion = 14.3;
					};
					2A945FB829F5246A00956F38 = {
						CreatedOnToolsVersion = 14.3;
						TestTargetID = 2A945F9F29F5246900956F38;
					};
					2A945FC229F5246A00956F38 = {
						CreatedOnToolsVersion = 14.3;
						TestTargetID = 2A945F9F29F5246900956F38;
					};
				};
			};
			buildConfigurationList = 2A945F9B29F5246900956F38 /* Build configuration list for PBXProject "ShiftTest" */;
			compatibilityVersion = "Xcode 14.0";
			developmentRegion = en;
			hasScannedForEncodings = 0;
			knownRegions = (
				en,
				Base,
			);
			mainGroup = 2A945F9729F5246900956F38;
			productRefGroup = 2A945FA129F5246900956F38 /* Products */;
			projectDirPath = "";
			projectRoot = "";
			targets = (
				2A945F9F29F5246900956F38 /* ShiftTest */,
				2A945FB829F5246A00956F38 /* ShiftTestTests */,
				2A945FC229F5246A00956F38 /* ShiftTestUITests */,
			);
		};
/* End PBXProject section */

/* Begin PBXResourcesBuildPhase section */
		2A945F9E29F5246900956F38 /* Resources */ = {
			isa = PBXResourcesBuildPhase;
			buildActionMask = 2147483647;
			files = (
				2A43C9E229F5943300C5463E /* registration_icon.png in Resources */,
				2A945FB329F5246A00956F38 /* LaunchScreen.storyboard in Resources */,
				2A945FB029F5246A00956F38 /* Assets.xcassets in Resources */,
				2A945FAB29F5246900956F38 /* Main.storyboard in Resources */,
			);
			runOnlyForDeploymentPostprocessing = 0;
		};
		2A945FB729F5246A00956F38 /* Resources */ = {
			isa = PBXResourcesBuildPhase;
			buildActionMask = 2147483647;
			files = (
			);
			runOnlyForDeploymentPostprocessing = 0;
		};
		2A945FC129F5246A00956F38 /* Resources */ = {
			isa = PBXResourcesBuildPhase;
			buildActionMask = 2147483647;
			files = (
			);
			runOnlyForDeploymentPostprocessing = 0;
		};
/* End PBXResourcesBuildPhase section */

/* Begin PBXSourcesBuildPhase section */
		2A945F9C29F5246900956F38 /* Sources */ = {
			isa = PBXSourcesBuildPhase;
			buildActionMask = 2147483647;
			files = (
				2A945FAE29F5246900956F38 /* ShiftTest.xcdatamodeld in Sources */,
				2A945FD729F5263900956F38 /* RegistrationPresenter.swift in Sources */,
				2A945FD929F532F100956F38 /* User.swift in Sources */,
				2AA292CE29F6D8A200C6F0F9 /* CompetitionCell.swift in Sources */,
				2A945FA829F5246900956F38 /* RegistrationViewController.swift in Sources */,
				2AA292CC29F6D82F00C6F0F9 /* ViewController.swift in Sources */,
				2A945FA429F5246900956F38 /* AppDelegate.swift in Sources */,
				2A945FA629F5246900956F38 /* SceneDelegate.swift in Sources */,
			);
			runOnlyForDeploymentPostprocessing = 0;
		};
		2A945FB529F5246A00956F38 /* Sources */ = {
			isa = PBXSourcesBuildPhase;
			buildActionMask = 2147483647;
			files = (
				2A945FBE29F5246A00956F38 /* ShiftTestTests.swift in Sources */,
			);
			runOnlyForDeploymentPostprocessing = 0;
		};
		2A945FBF29F5246A00956F38 /* Sources */ = {
			isa = PBXSourcesBuildPhase;
			buildActionMask = 2147483647;
			files = (
				2A945FC829F5246A00956F38 /* ShiftTestUITests.swift in Sources */,
				2A945FCA29F5246A00956F38 /* ShiftTestUITestsLaunchTests.swift in Sources */,
			);
			runOnlyForDeploymentPostprocessing = 0;
		};
/* End PBXSourcesBuildPhase section */

/* Begin PBXTargetDependency section */
		2A945FBB29F5246A00956F38 /* PBXTargetDependency */ = {
			isa = PBXTargetDependency;
			target = 2A945F9F29F5246900956F38 /* ShiftTest */;
			targetProxy = 2A945FBA29F5246A00956F38 /* PBXContainerItemProxy */;
		};
		2A945FC529F5246A00956F38 /* PBXTargetDependency */ = {
			isa = PBXTargetDependency;
			target = 2A945F9F29F5246900956F38 /* ShiftTest */;
			targetProxy = 2A945FC429F5246A00956F38 /* PBXContainerItemProxy */;
		};
/* End PBXTargetDependency section */

/* Begin PBXVariantGroup section */
		2A945FA929F5246900956F38 /* Main.storyboard */ = {
			isa = PBXVariantGroup;
			children = (
				2A945FAA29F5246900956F38 /* Base */,
			);
			name = Main.storyboard;
			sourceTree = "<group>";
		};
		2A945FB129F5246A00956F38 /* LaunchScreen.storyboard */ = {
			isa = PBXVariantGroup;
			children = (
				2A945FB229F5246A00956F38 /* Base */,
			);
			name = LaunchScreen.storyboard;
			sourceTree = "<group>";
		};
/* End PBXVariantGroup section */

/* Begin XCBuildConfiguration section */
		2A945FCB29F5246A00956F38 /* Debug */ = {
			isa = XCBuildConfiguration;
			buildSettings = {
				ALWAYS_SEARCH_USER_PATHS = NO;
				CLANG_ANALYZER_NONNULL = YES;
				CLANG_ANALYZER_NUMBER_OBJECT_CONVERSION = YES_AGGRESSIVE;
				CLANG_CXX_LANGUAGE_STANDARD = "gnu++20";
				CLANG_ENABLE_MODULES = YES;
				CLANG_ENABLE_OBJC_ARC = YES;
				CLANG_ENABLE_OBJC_WEAK = YES;
				CLANG_WARN_BLOCK_CAPTURE_AUTORELEASING = YES;
				CLANG_WARN_BOOL_CONVERSION = YES;
				CLANG_WARN_COMMA = YES;
				CLANG_WARN_CONSTANT_CONVERSION = YES;
				CLANG_WARN_DEPRECATED_OBJC_IMPLEMENTATIONS = YES;
				CLANG_WARN_DIRECT_OBJC_ISA_USAGE = YES_ERROR;
				CLANG_WARN_DOCUMENTATION_COMMENTS = YES;
				CLANG_WARN_EMPTY_BODY = YES;
				CLANG_WARN_ENUM_CONVERSION = YES;
				CLANG_WARN_INFINITE_RECURSION = YES;
				CLANG_WARN_INT_CONVERSION = YES;
				CLANG_WARN_NON_LITERAL_NULL_CONVERSION = YES;
				CLANG_WARN_OBJC_IMPLICIT_RETAIN_SELF = YES;
				CLANG_WARN_OBJC_LITERAL_CONVERSION = YES;
				CLANG_WARN_OBJC_ROOT_CLASS = YES_ERROR;
				CLANG_WARN_QUOTED_INCLUDE_IN_FRAMEWORK_HEADER = YES;
				CLANG_WARN_RANGE_LOOP_ANALYSIS = YES;
				CLANG_WARN_STRICT_PROTOTYPES = YES;
				CLANG_WARN_SUSPICIOUS_MOVE = YES;
				CLANG_WARN_UNGUARDED_AVAILABILITY = YES_AGGRESSIVE;
				CLANG_WARN_UNREACHABLE_CODE = YES;
				CLANG_WARN__DUPLICATE_METHOD_MATCH = YES;
				COPY_PHASE_STRIP = NO;
				DEBUG_INFORMATION_FORMAT = dwarf;
				ENABLE_STRICT_OBJC_MSGSEND = YES;
				ENABLE_TESTABILITY = YES;
				GCC_C_LANGUAGE_STANDARD = gnu11;
				GCC_DYNAMIC_NO_PIC = NO;
				GCC_NO_COMMON_BLOCKS = YES;
				GCC_OPTIMIZATION_LEVEL = 0;
				GCC_PREPROCESSOR_DEFINITIONS = (
					"DEBUG=1",
					"$(inherited)",
				);
				GCC_WARN_64_TO_32_BIT_CONVERSION = YES;
				GCC_WARN_ABOUT_RETURN_TYPE = YES_ERROR;
				GCC_WARN_UNDECLARED_SELECTOR = YES;
				GCC_WARN_UNINITIALIZED_AUTOS = YES_AGGRESSIVE;
				GCC_WARN_UNUSED_FUNCTION = YES;
				GCC_WARN_UNUSED_VARIABLE = YES;
				IPHONEOS_DEPLOYMENT_TARGET = 16.4;
				MTL_ENABLE_DEBUG_INFO = INCLUDE_SOURCE;
				MTL_FAST_MATH = YES;
				ONLY_ACTIVE_ARCH = YES;
				SDKROOT = iphoneos;
				SWIFT_ACTIVE_COMPILATION_CONDITIONS = DEBUG;
				SWIFT_OPTIMIZATION_LEVEL = "-Onone";
			};
			name = Debug;
		};
		2A945FCC29F5246A00956F38 /* Release */ = {
			isa = XCBuildConfiguration;
			buildSettings = {
				ALWAYS_SEARCH_USER_PATHS = NO;
				CLANG_ANALYZER_NONNULL = YES;
				CLANG_ANALYZER_NUMBER_OBJECT_CONVERSION = YES_AGGRESSIVE;
				CLANG_CXX_LANGUAGE_STANDARD = "gnu++20";
				CLANG_ENABLE_MODULES = YES;
				CLANG_ENABLE_OBJC_ARC = YES;
				CLANG_ENABLE_OBJC_WEAK = YES;
				CLANG_WARN_BLOCK_CAPTURE_AUTORELEASING = YES;
				CLANG_WARN_BOOL_CONVERSION = YES;
				CLANG_WARN_COMMA = YES;
				CLANG_WARN_CONSTANT_CONVERSION = YES;
				CLANG_WARN_DEPRECATED_OBJC_IMPLEMENTATIONS = YES;
				CLANG_WARN_DIRECT_OBJC_ISA_USAGE = YES_ERROR;
				CLANG_WARN_DOCUMENTATION_COMMENTS = YES;
				CLANG_WARN_EMPTY_BODY = YES;
				CLANG_WARN_ENUM_CONVERSION = YES;
				CLANG_WARN_INFINITE_RECURSION = YES;
				CLANG_WARN_INT_CONVERSION = YES;
				CLANG_WARN_NON_LITERAL_NULL_CONVERSION = YES;
				CLANG_WARN_OBJC_IMPLICIT_RETAIN_SELF = YES;
				CLANG_WARN_OBJC_LITERAL_CONVERSION = YES;
				CLANG_WARN_OBJC_ROOT_CLASS = YES_ERROR;
				CLANG_WARN_QUOTED_INCLUDE_IN_FRAMEWORK_HEADER = YES;
				CLANG_WARN_RANGE_LOOP_ANALYSIS = YES;
				CLANG_WARN_STRICT_PROTOTYPES = YES;
				CLANG_WARN_SUSPICIOUS_MOVE = YES;
				CLANG_WARN_UNGUARDED_AVAILABILITY = YES_AGGRESSIVE;
				CLANG_WARN_UNREACHABLE_CODE = YES;
				CLANG_WARN__DUPLICATE_METHOD_MATCH = YES;
				COPY_PHASE_STRIP = NO;
				DEBUG_INFORMATION_FORMAT = "dwarf-with-dsym";
				ENABLE_NS_ASSERTIONS = NO;
				ENABLE_STRICT_OBJC_MSGSEND = YES;
				GCC_C_LANGUAGE_STANDARD = gnu11;
				GCC_NO_COMMON_BLOCKS = YES;
				GCC_WARN_64_TO_32_BIT_CONVERSION = YES;
				GCC_WARN_ABOUT_RETURN_TYPE = YES_ERROR;
				GCC_WARN_UNDECLARED_SELECTOR = YES;
				GCC_WARN_UNINITIALIZED_AUTOS = YES_AGGRESSIVE;
				GCC_WARN_UNUSED_FUNCTION = YES;
				GCC_WARN_UNUSED_VARIABLE = YES;
				IPHONEOS_DEPLOYMENT_TARGET = 16.4;
				MTL_ENABLE_DEBUG_INFO = NO;
				MTL_FAST_MATH = YES;
				SDKROOT = iphoneos;
				SWIFT_COMPILATION_MODE = wholemodule;
				SWIFT_OPTIMIZATION_LEVEL = "-O";
				VALIDATE_PRODUCT = YES;
			};
			name = Release;
		};
		2A945FCE29F5246A00956F38 /* Debug */ = {
			isa = XCBuildConfiguration;
			buildSettings = {
				ASSETCATALOG_COMPILER_APPICON_NAME = AppIcon;
				ASSETCATALOG_COMPILER_GLOBAL_ACCENT_COLOR_NAME = AccentColor;
				CODE_SIGN_STYLE = Automatic;
				CURRENT_PROJECT_VERSION = 1;
				DEVELOPMENT_TEAM = T9NNBURM3V;
				GENERATE_INFOPLIST_FILE = YES;
				INFOPLIST_FILE = ShiftTest/Info.plist;
				INFOPLIST_KEY_UIApplicationSupportsIndirectInputEvents = YES;
				INFOPLIST_KEY_UILaunchStoryboardName = LaunchScreen;
				INFOPLIST_KEY_UIMainStoryboardFile = Main;
				INFOPLIST_KEY_UISupportedInterfaceOrientations = UIInterfaceOrientationPortrait;
				INFOPLIST_KEY_UISupportedInterfaceOrientations_iPad = "UIInterfaceOrientationLandscapeLeft UIInterfaceOrientationLandscapeRight UIInterfaceOrientationPortrait UIInterfaceOrientationPortraitUpsideDown";
				IPHONEOS_DEPLOYMENT_TARGET = 13.0;
				LD_RUNPATH_SEARCH_PATHS = (
					"$(inherited)",
					"@executable_path/Frameworks",
				);
				MARKETING_VERSION = 1.0;
				PRODUCT_BUNDLE_IDENTIFIER = ru.KOBERZ.ShiftTest;
				PRODUCT_NAME = "$(TARGET_NAME)";
				SWIFT_EMIT_LOC_STRINGS = YES;
				SWIFT_VERSION = 5.0;
				TARGETED_DEVICE_FAMILY = "1,2";
			};
			name = Debug;
		};
		2A945FCF29F5246A00956F38 /* Release */ = {
			isa = XCBuildConfiguration;
			buildSettings = {
				ASSETCATALOG_COMPILER_APPICON_NAME = AppIcon;
				ASSETCATALOG_COMPILER_GLOBAL_ACCENT_COLOR_NAME = AccentColor;
				CODE_SIGN_STYLE = Automatic;
				CURRENT_PROJECT_VERSION = 1;
				DEVELOPMENT_TEAM = T9NNBURM3V;
				GENERATE_INFOPLIST_FILE = YES;
				INFOPLIST_FILE = ShiftTest/Info.plist;
				INFOPLIST_KEY_UIApplicationSupportsIndirectInputEvents = YES;
				INFOPLIST_KEY_UILaunchStoryboardName = LaunchScreen;
				INFOPLIST_KEY_UIMainStoryboardFile = Main;
				INFOPLIST_KEY_UISupportedInterfaceOrientations = UIInterfaceOrientationPortrait;
				INFOPLIST_KEY_UISupportedInterfaceOrientations_iPad = "UIInterfaceOrientationLandscapeLeft UIInterfaceOrientationLandscapeRight UIInterfaceOrientationPortrait UIInterfaceOrientationPortraitUpsideDown";
				IPHONEOS_DEPLOYMENT_TARGET = 13.0;
				LD_RUNPATH_SEARCH_PATHS = (
					"$(inherited)",
					"@executable_path/Frameworks",
				);
				MARKETING_VERSION = 1.0;
				PRODUCT_BUNDLE_IDENTIFIER = ru.KOBERZ.ShiftTest;
				PRODUCT_NAME = "$(TARGET_NAME)";
				SWIFT_EMIT_LOC_STRINGS = YES;
				SWIFT_VERSION = 5.0;
				TARGETED_DEVICE_FAMILY = "1,2";
			};
			name = Release;
		};
		2A945FD129F5246A00956F38 /* Debug */ = {
			isa = XCBuildConfiguration;
			buildSettings = {
				ALWAYS_EMBED_SWIFT_STANDARD_LIBRARIES = YES;
				BUNDLE_LOADER = "$(TEST_HOST)";
				CODE_SIGN_STYLE = Automatic;
				CURRENT_PROJECT_VERSION = 1;
				DEVELOPMENT_TEAM = T9NNBURM3V;
				GENERATE_INFOPLIST_FILE = YES;
				IPHONEOS_DEPLOYMENT_TARGET = 16.4;
				MARKETING_VERSION = 1.0;
				PRODUCT_BUNDLE_IDENTIFIER = ru.KOBERZ.ShiftTestTests;
				PRODUCT_NAME = "$(TARGET_NAME)";
				SWIFT_EMIT_LOC_STRINGS = NO;
				SWIFT_VERSION = 5.0;
				TARGETED_DEVICE_FAMILY = "1,2";
				TEST_HOST = "$(BUILT_PRODUCTS_DIR)/ShiftTest.app/$(BUNDLE_EXECUTABLE_FOLDER_PATH)/ShiftTest";
			};
			name = Debug;
		};
		2A945FD229F5246A00956F38 /* Release */ = {
			isa = XCBuildConfiguration;
			buildSettings = {
				ALWAYS_EMBED_SWIFT_STANDARD_LIBRARIES = YES;
				BUNDLE_LOADER = "$(TEST_HOST)";
				CODE_SIGN_STYLE = Automatic;
				CURRENT_PROJECT_VERSION = 1;
				DEVELOPMENT_TEAM = T9NNBURM3V;
				GENERATE_INFOPLIST_FILE = YES;
				IPHONEOS_DEPLOYMENT_TARGET = 16.4;
				MARKETING_VERSION = 1.0;
				PRODUCT_BUNDLE_IDENTIFIER = ru.KOBERZ.ShiftTestTests;
				PRODUCT_NAME = "$(TARGET_NAME)";
				SWIFT_EMIT_LOC_STRINGS = NO;
				SWIFT_VERSION = 5.0;
				TARGETED_DEVICE_FAMILY = "1,2";
				TEST_HOST = "$(BUILT_PRODUCTS_DIR)/ShiftTest.app/$(BUNDLE_EXECUTABLE_FOLDER_PATH)/ShiftTest";
			};
			name = Release;
		};
		2A945FD429F5246A00956F38 /* Debug */ = {
			isa = XCBuildConfiguration;
			buildSettings = {
				ALWAYS_EMBED_SWIFT_STANDARD_LIBRARIES = YES;
				CODE_SIGN_STYLE = Automatic;
				CURRENT_PROJECT_VERSION = 1;
				DEVELOPMENT_TEAM = T9NNBURM3V;
				GENERATE_INFOPLIST_FILE = YES;
				MARKETING_VERSION = 1.0;
				PRODUCT_BUNDLE_IDENTIFIER = ru.KOBERZ.ShiftTestUITests;
				PRODUCT_NAME = "$(TARGET_NAME)";
				SWIFT_EMIT_LOC_STRINGS = NO;
				SWIFT_VERSION = 5.0;
				TARGETED_DEVICE_FAMILY = "1,2";
				TEST_TARGET_NAME = ShiftTest;
			};
			name = Debug;
		};
		2A945FD529F5246A00956F38 /* Release */ = {
			isa = XCBuildConfiguration;
			buildSettings = {
				ALWAYS_EMBED_SWIFT_STANDARD_LIBRARIES = YES;
				CODE_SIGN_STYLE = Automatic;
				CURRENT_PROJECT_VERSION = 1;
				DEVELOPMENT_TEAM = T9NNBURM3V;
				GENERATE_INFOPLIST_FILE = YES;
				MARKETING_VERSION = 1.0;
				PRODUCT_BUNDLE_IDENTIFIER = ru.KOBERZ.ShiftTestUITests;
				PRODUCT_NAME = "$(TARGET_NAME)";
				SWIFT_EMIT_LOC_STRINGS = NO;
				SWIFT_VERSION = 5.0;
				TARGETED_DEVICE_FAMILY = "1,2";
				TEST_TARGET_NAME = ShiftTest;
			};
			name = Release;
		};
/* End XCBuildConfiguration section */

/* Begin XCConfigurationList section */
		2A945F9B29F5246900956F38 /* Build configuration list for PBXProject "ShiftTest" */ = {
			isa = XCConfigurationList;
			buildConfigurations = (
				2A945FCB29F5246A00956F38 /* Debug */,
				2A945FCC29F5246A00956F38 /* Release */,
			);
			defaultConfigurationIsVisible = 0;
			defaultConfigurationName = Release;
		};
		2A945FCD29F5246A00956F38 /* Build configuration list for PBXNativeTarget "ShiftTest" */ = {
			isa = XCConfigurationList;
			buildConfigurations = (
				2A945FCE29F5246A00956F38 /* Debug */,
				2A945FCF29F5246A00956F38 /* Release */,
			);
			defaultConfigurationIsVisible = 0;
			defaultConfigurationName = Release;
		};
		2A945FD029F5246A00956F38 /* Build configuration list for PBXNativeTarget "ShiftTestTests" */ = {
			isa = XCConfigurationList;
			buildConfigurations = (
				2A945FD129F5246A00956F38 /* Debug */,
				2A945FD229F5246A00956F38 /* Release */,
			);
			defaultConfigurationIsVisible = 0;
			defaultConfigurationName = Release;
		};
		2A945FD329F5246A00956F38 /* Build configuration list for PBXNativeTarget "ShiftTestUITests" */ = {
			isa = XCConfigurationList;
			buildConfigurations = (
				2A945FD429F5246A00956F38 /* Debug */,
				2A945FD529F5246A00956F38 /* Release */,
			);
			defaultConfigurationIsVisible = 0;
			defaultConfigurationName = Release;
		};
/* End XCConfigurationList section */

/* Begin XCVersionGroup section */
		2A945FAC29F5246900956F38 /* ShiftTest.xcdatamodeld */ = {
			isa = XCVersionGroup;
			children = (
				2A945FAD29F5246900956F38 /* ShiftTest.xcdatamodel */,
			);
			currentVersion = 2A945FAD29F5246900956F38 /* ShiftTest.xcdatamodel */;
			path = ShiftTest.xcdatamodeld;
			sourceTree = "<group>";
			versionGroupType = wrapper.xcdatamodel;
		};
/* End XCVersionGroup section */
	};
	rootObject = 2A945F9829F5246900956F38 /* Project object */;
}
